
Microsoft Visual Studio Solution File, Format Version 12.00
# Visual Studio Version 17
VisualStudioVersion = 17.5.33627.172
MinimumVisualStudioVersion = 10.0.40219.1
Project("{FAE04EC0-301F-11D3-BF4B-00C04F79EFBC}") = "tzclean", "tzclean.csproj", "{B4058202-AD71-4B7F-A106-6A5C6FF0E5E9}"
EndProject
Global
	GlobalSection(SolutionConfigurationPlatforms) = preSolution
		Debug|Any CPU = Debug|Any CPU
		Release|Any CPU = Release|Any CPU
	EndGlobalSection
	GlobalSection(ProjectConfigurationPlatforms) = postSolution
		{B4058202-AD71-4B7F-A106-6A5C6FF0E5E9}.Debug|Any CPU.ActiveCfg = Debug|Any CPU
		{B4058202-AD71-4B7F-A106-6A5C6FF0E5E9}.Debug|Any CPU.Build.0 = Debug|Any CPU
		{B4058202-AD71-4B7F-A106-6A5C6FF0E5E9}.Release|Any CPU.ActiveCfg = Release|Any CPU
		{B4058202-AD71-4B7F-A106-6A5C6FF0E5E9}.Release|Any CPU.Build.0 = Release|Any CPU
	EndGlobalSection
	GlobalSection(SolutionProperties) = preSolution
		HideSolutionNode = FALSE
	EndGlobalSection
	GlobalSection(ExtensibilityGlobals) = postSolution
		SolutionGuid = {8AA16862-1717-46AC-820F-558B5CEE6540}
	EndGlobalSection
EndGlobal
